
Microsoft Visual Studio Solution File, Format Version 12.00
# Visual Studio 15
VisualStudioVersion = 15.0.26124.0
MinimumVisualStudioVersion = 15.0.26124.0
Project("{2150E333-8FDC-42A3-9474-1A3956D46DE8}") = "Base", "Base", "{0D561DA2-AEDB-42AD-B7C5-451902569358}"
EndProject
Project("{FAE04EC0-301F-11D3-BF4B-00C04F79EFBC}") = "CoreType", "Base\CoreType\CoreType.csproj", "{CCC536F1-8D1A-4D16-B45E-D342AB49F26D}"
EndProject
Project("{FAE04EC0-301F-11D3-BF4B-00C04F79EFBC}") = "CoreData", "Base\CoreData\CoreData.csproj", "{F304A730-4BED-4CDD-AF65-47142D64A7D0}"
EndProject
Project("{FAE04EC0-301F-11D3-BF4B-00C04F79EFBC}") = "CoreSvc", "Base\CoreSvc\CoreSvc.csproj", "{D7FED4E3-DA53-45B3-9BC9-1FDADB7C3A0B}"
EndProject
Project("{FAE04EC0-301F-11D3-BF4B-00C04F79EFBC}") = "CoreTests", "Base\CoreTests\CoreTests.csproj", "{93FA7C0E-2344-4BA7-8C4D-3F4CA509DA0D}"
EndProject
Project("{2150E333-8FDC-42A3-9474-1A3956D46DE8}") = "Admin", "Admin", "{3389423A-ACDC-4BFA-A0F3-46FC94E35290}"
EndProject
Project("{FAE04EC0-301F-11D3-BF4B-00C04F79EFBC}") = "Admin.Type", "Admin\Admin.Type\Admin.Type.csproj", "{895A58AF-8533-4A84-ABE8-487168AC9CFE}"
EndProject
Project("{FAE04EC0-301F-11D3-BF4B-00C04F79EFBC}") = "Admin.Data", "Admin\Admin.Data\Admin.Data.csproj", "{F539B0F0-B2AF-4FCC-8F99-6DB44E43C41A}"
EndProject
Project("{FAE04EC0-301F-11D3-BF4B-00C04F79EFBC}") = "Admin.Svc", "Admin\Admin.Svc\Admin.Svc.csproj", "{9C45B8B4-4B29-499D-855D-EB46C8A11FD1}"
EndProject
Project("{FAE04EC0-301F-11D3-BF4B-00C04F79EFBC}") = "Admin.Tests", "Admin\Admin.Tests\Admin.Tests.csproj", "{95B61A76-3BBF-4185-A27C-6C7516A6B3EC}"
EndProject
Project("{FAE04EC0-301F-11D3-BF4B-00C04F79EFBC}") = "IdentityServer", "IdentityServer\IdentityServer.csproj", "{96432EC1-DDDF-4E87-B095-218693939A5F}"
EndProject
Project("{2150E333-8FDC-42A3-9474-1A3956D46DE8}") = "Scheduler", "Scheduler", "{1E47EAB7-71E3-47BF-81DF-D8A2B510F8BD}"
EndProject
Project("{FAE04EC0-301F-11D3-BF4B-00C04F79EFBC}") = "Scheduler.Core", "Scheduler\Scheduler.Core\Scheduler.Core.csproj", "{44C38502-0812-4E87-BD79-9515EBA9A769}"
EndProject
Project("{FAE04EC0-301F-11D3-BF4B-00C04F79EFBC}") = "Scheduler.API", "Scheduler\Scheduler.API\Scheduler.API.csproj", "{9AE027D4-8D8E-4A08-B60B-06A52733EDB6}"
EndProject
Project("{FAE04EC0-301F-11D3-BF4B-00C04F79EFBC}") = "Scheduler.Tests", "Scheduler\Scheduler.Tests\Scheduler.Tests.csproj", "{21B4D7EF-307F-4F88-AD4B-2D3C26045BAE}"
EndProject
Project("{2150E333-8FDC-42A3-9474-1A3956D46DE8}") = "Microservice", "Microservice", "{10A72E25-54B8-4367-B57A-44DA77A8B32D}"
EndProject
Project("{FAE04EC0-301F-11D3-BF4B-00C04F79EFBC}") = "Microservice.TypeLib", "Microservice\Microservice.TypeLib\Microservice.TypeLib.csproj", "{F9630B2C-8525-42DD-9B9C-4E3E03018F89}"
EndProject
Project("{FAE04EC0-301F-11D3-BF4B-00C04F79EFBC}") = "Microservice.DataLib", "Microservice\Microservice.DataLib\Microservice.DataLib.csproj", "{CC620719-BD39-4FFB-AC50-162DE66DF9E1}"
EndProject
Project("{FAE04EC0-301F-11D3-BF4B-00C04F79EFBC}") = "Microservice.API", "Microservice\Microservice.API\Microservice.API.csproj", "{0771754F-3BB0-461E-97C8-2840ECE048B3}"
EndProject
Project("{FAE04EC0-301F-11D3-BF4B-00C04F79EFBC}") = "Microservice.Tests", "Microservice\Microservice.Tests\Microservice.Tests.csproj", "{C15D8060-F2E1-4A82-99BB-F6273A942FE9}"
EndProject
Global
	GlobalSection(SolutionConfigurationPlatforms) = preSolution
		Debug|Any CPU = Debug|Any CPU
		Debug|x64 = Debug|x64
		Debug|x86 = Debug|x86
		Release|Any CPU = Release|Any CPU
		Release|x64 = Release|x64
		Release|x86 = Release|x86
	EndGlobalSection
	GlobalSection(SolutionProperties) = preSolution
		HideSolutionNode = FALSE
	EndGlobalSection
	GlobalSection(ProjectConfigurationPlatforms) = postSolution
		{CCC536F1-8D1A-4D16-B45E-D342AB49F26D}.Debug|Any CPU.ActiveCfg = Debug|Any CPU
		{CCC536F1-8D1A-4D16-B45E-D342AB49F26D}.Debug|Any CPU.Build.0 = Debug|Any CPU
		{CCC536F1-8D1A-4D16-B45E-D342AB49F26D}.Debug|x64.ActiveCfg = Debug|Any CPU
		{CCC536F1-8D1A-4D16-B45E-D342AB49F26D}.Debug|x64.Build.0 = Debug|Any CPU
		{CCC536F1-8D1A-4D16-B45E-D342AB49F26D}.Debug|x86.ActiveCfg = Debug|Any CPU
		{CCC536F1-8D1A-4D16-B45E-D342AB49F26D}.Debug|x86.Build.0 = Debug|Any CPU
		{CCC536F1-8D1A-4D16-B45E-D342AB49F26D}.Release|Any CPU.ActiveCfg = Release|Any CPU
		{CCC536F1-8D1A-4D16-B45E-D342AB49F26D}.Release|Any CPU.Build.0 = Release|Any CPU
		{CCC536F1-8D1A-4D16-B45E-D342AB49F26D}.Release|x64.ActiveCfg = Release|Any CPU
		{CCC536F1-8D1A-4D16-B45E-D342AB49F26D}.Release|x64.Build.0 = Release|Any CPU
		{CCC536F1-8D1A-4D16-B45E-D342AB49F26D}.Release|x86.ActiveCfg = Release|Any CPU
		{CCC536F1-8D1A-4D16-B45E-D342AB49F26D}.Release|x86.Build.0 = Release|Any CPU
		{F304A730-4BED-4CDD-AF65-47142D64A7D0}.Debug|Any CPU.ActiveCfg = Debug|Any CPU
		{F304A730-4BED-4CDD-AF65-47142D64A7D0}.Debug|Any CPU.Build.0 = Debug|Any CPU
		{F304A730-4BED-4CDD-AF65-47142D64A7D0}.Debug|x64.ActiveCfg = Debug|Any CPU
		{F304A730-4BED-4CDD-AF65-47142D64A7D0}.Debug|x64.Build.0 = Debug|Any CPU
		{F304A730-4BED-4CDD-AF65-47142D64A7D0}.Debug|x86.ActiveCfg = Debug|Any CPU
		{F304A730-4BED-4CDD-AF65-47142D64A7D0}.Debug|x86.Build.0 = Debug|Any CPU
		{F304A730-4BED-4CDD-AF65-47142D64A7D0}.Release|Any CPU.ActiveCfg = Release|Any CPU
		{F304A730-4BED-4CDD-AF65-47142D64A7D0}.Release|Any CPU.Build.0 = Release|Any CPU
		{F304A730-4BED-4CDD-AF65-47142D64A7D0}.Release|x64.ActiveCfg = Release|Any CPU
		{F304A730-4BED-4CDD-AF65-47142D64A7D0}.Release|x64.Build.0 = Release|Any CPU
		{F304A730-4BED-4CDD-AF65-47142D64A7D0}.Release|x86.ActiveCfg = Release|Any CPU
		{F304A730-4BED-4CDD-AF65-47142D64A7D0}.Release|x86.Build.0 = Release|Any CPU
		{D7FED4E3-DA53-45B3-9BC9-1FDADB7C3A0B}.Debug|Any CPU.ActiveCfg = Debug|Any CPU
		{D7FED4E3-DA53-45B3-9BC9-1FDADB7C3A0B}.Debug|Any CPU.Build.0 = Debug|Any CPU
		{D7FED4E3-DA53-45B3-9BC9-1FDADB7C3A0B}.Debug|x64.ActiveCfg = Debug|Any CPU
		{D7FED4E3-DA53-45B3-9BC9-1FDADB7C3A0B}.Debug|x64.Build.0 = Debug|Any CPU
		{D7FED4E3-DA53-45B3-9BC9-1FDADB7C3A0B}.Debug|x86.ActiveCfg = Debug|Any CPU
		{D7FED4E3-DA53-45B3-9BC9-1FDADB7C3A0B}.Debug|x86.Build.0 = Debug|Any CPU
		{D7FED4E3-DA53-45B3-9BC9-1FDADB7C3A0B}.Release|Any CPU.ActiveCfg = Release|Any CPU
		{D7FED4E3-DA53-45B3-9BC9-1FDADB7C3A0B}.Release|Any CPU.Build.0 = Release|Any CPU
		{D7FED4E3-DA53-45B3-9BC9-1FDADB7C3A0B}.Release|x64.ActiveCfg = Release|Any CPU
		{D7FED4E3-DA53-45B3-9BC9-1FDADB7C3A0B}.Release|x64.Build.0 = Release|Any CPU
		{D7FED4E3-DA53-45B3-9BC9-1FDADB7C3A0B}.Release|x86.ActiveCfg = Release|Any CPU
		{D7FED4E3-DA53-45B3-9BC9-1FDADB7C3A0B}.Release|x86.Build.0 = Release|Any CPU
		{93FA7C0E-2344-4BA7-8C4D-3F4CA509DA0D}.Debug|Any CPU.ActiveCfg = Debug|Any CPU
		{93FA7C0E-2344-4BA7-8C4D-3F4CA509DA0D}.Debug|Any CPU.Build.0 = Debug|Any CPU
		{93FA7C0E-2344-4BA7-8C4D-3F4CA509DA0D}.Debug|x64.ActiveCfg = Debug|Any CPU
		{93FA7C0E-2344-4BA7-8C4D-3F4CA509DA0D}.Debug|x64.Build.0 = Debug|Any CPU
		{93FA7C0E-2344-4BA7-8C4D-3F4CA509DA0D}.Debug|x86.ActiveCfg = Debug|Any CPU
		{93FA7C0E-2344-4BA7-8C4D-3F4CA509DA0D}.Debug|x86.Build.0 = Debug|Any CPU
		{93FA7C0E-2344-4BA7-8C4D-3F4CA509DA0D}.Release|Any CPU.ActiveCfg = Release|Any CPU
		{93FA7C0E-2344-4BA7-8C4D-3F4CA509DA0D}.Release|Any CPU.Build.0 = Release|Any CPU
		{93FA7C0E-2344-4BA7-8C4D-3F4CA509DA0D}.Release|x64.ActiveCfg = Release|Any CPU
		{93FA7C0E-2344-4BA7-8C4D-3F4CA509DA0D}.Release|x64.Build.0 = Release|Any CPU
		{93FA7C0E-2344-4BA7-8C4D-3F4CA509DA0D}.Release|x86.ActiveCfg = Release|Any CPU
		{93FA7C0E-2344-4BA7-8C4D-3F4CA509DA0D}.Release|x86.Build.0 = Release|Any CPU
		{895A58AF-8533-4A84-ABE8-487168AC9CFE}.Debug|Any CPU.ActiveCfg = Debug|Any CPU
		{895A58AF-8533-4A84-ABE8-487168AC9CFE}.Debug|Any CPU.Build.0 = Debug|Any CPU
		{895A58AF-8533-4A84-ABE8-487168AC9CFE}.Debug|x64.ActiveCfg = Debug|Any CPU
		{895A58AF-8533-4A84-ABE8-487168AC9CFE}.Debug|x64.Build.0 = Debug|Any CPU
		{895A58AF-8533-4A84-ABE8-487168AC9CFE}.Debug|x86.ActiveCfg = Debug|Any CPU
		{895A58AF-8533-4A84-ABE8-487168AC9CFE}.Debug|x86.Build.0 = Debug|Any CPU
		{895A58AF-8533-4A84-ABE8-487168AC9CFE}.Release|Any CPU.ActiveCfg = Release|Any CPU
		{895A58AF-8533-4A84-ABE8-487168AC9CFE}.Release|Any CPU.Build.0 = Release|Any CPU
		{895A58AF-8533-4A84-ABE8-487168AC9CFE}.Release|x64.ActiveCfg = Release|Any CPU
		{895A58AF-8533-4A84-ABE8-487168AC9CFE}.Release|x64.Build.0 = Release|Any CPU
		{895A58AF-8533-4A84-ABE8-487168AC9CFE}.Release|x86.ActiveCfg = Release|Any CPU
		{895A58AF-8533-4A84-ABE8-487168AC9CFE}.Release|x86.Build.0 = Release|Any CPU
		{F539B0F0-B2AF-4FCC-8F99-6DB44E43C41A}.Debug|Any CPU.ActiveCfg = Debug|Any CPU
		{F539B0F0-B2AF-4FCC-8F99-6DB44E43C41A}.Debug|Any CPU.Build.0 = Debug|Any CPU
		{F539B0F0-B2AF-4FCC-8F99-6DB44E43C41A}.Debug|x64.ActiveCfg = Debug|Any CPU
		{F539B0F0-B2AF-4FCC-8F99-6DB44E43C41A}.Debug|x64.Build.0 = Debug|Any CPU
		{F539B0F0-B2AF-4FCC-8F99-6DB44E43C41A}.Debug|x86.ActiveCfg = Debug|Any CPU
		{F539B0F0-B2AF-4FCC-8F99-6DB44E43C41A}.Debug|x86.Build.0 = Debug|Any CPU
		{F539B0F0-B2AF-4FCC-8F99-6DB44E43C41A}.Release|Any CPU.ActiveCfg = Release|Any CPU
		{F539B0F0-B2AF-4FCC-8F99-6DB44E43C41A}.Release|Any CPU.Build.0 = Release|Any CPU
		{F539B0F0-B2AF-4FCC-8F99-6DB44E43C41A}.Release|x64.ActiveCfg = Release|Any CPU
		{F539B0F0-B2AF-4FCC-8F99-6DB44E43C41A}.Release|x64.Build.0 = Release|Any CPU
		{F539B0F0-B2AF-4FCC-8F99-6DB44E43C41A}.Release|x86.ActiveCfg = Release|Any CPU
		{F539B0F0-B2AF-4FCC-8F99-6DB44E43C41A}.Release|x86.Build.0 = Release|Any CPU
		{9C45B8B4-4B29-499D-855D-EB46C8A11FD1}.Debug|Any CPU.ActiveCfg = Debug|Any CPU
		{9C45B8B4-4B29-499D-855D-EB46C8A11FD1}.Debug|Any CPU.Build.0 = Debug|Any CPU
		{9C45B8B4-4B29-499D-855D-EB46C8A11FD1}.Debug|x64.ActiveCfg = Debug|Any CPU
		{9C45B8B4-4B29-499D-855D-EB46C8A11FD1}.Debug|x64.Build.0 = Debug|Any CPU
		{9C45B8B4-4B29-499D-855D-EB46C8A11FD1}.Debug|x86.ActiveCfg = Debug|Any CPU
		{9C45B8B4-4B29-499D-855D-EB46C8A11FD1}.Debug|x86.Build.0 = Debug|Any CPU
		{9C45B8B4-4B29-499D-855D-EB46C8A11FD1}.Release|Any CPU.ActiveCfg = Release|Any CPU
		{9C45B8B4-4B29-499D-855D-EB46C8A11FD1}.Release|Any CPU.Build.0 = Release|Any CPU
		{9C45B8B4-4B29-499D-855D-EB46C8A11FD1}.Release|x64.ActiveCfg = Release|Any CPU
		{9C45B8B4-4B29-499D-855D-EB46C8A11FD1}.Release|x64.Build.0 = Release|Any CPU
		{9C45B8B4-4B29-499D-855D-EB46C8A11FD1}.Release|x86.ActiveCfg = Release|Any CPU
		{9C45B8B4-4B29-499D-855D-EB46C8A11FD1}.Release|x86.Build.0 = Release|Any CPU
		{95B61A76-3BBF-4185-A27C-6C7516A6B3EC}.Debug|Any CPU.ActiveCfg = Debug|Any CPU
		{95B61A76-3BBF-4185-A27C-6C7516A6B3EC}.Debug|Any CPU.Build.0 = Debug|Any CPU
		{95B61A76-3BBF-4185-A27C-6C7516A6B3EC}.Debug|x64.ActiveCfg = Debug|Any CPU
		{95B61A76-3BBF-4185-A27C-6C7516A6B3EC}.Debug|x64.Build.0 = Debug|Any CPU
		{95B61A76-3BBF-4185-A27C-6C7516A6B3EC}.Debug|x86.ActiveCfg = Debug|Any CPU
		{95B61A76-3BBF-4185-A27C-6C7516A6B3EC}.Debug|x86.Build.0 = Debug|Any CPU
		{95B61A76-3BBF-4185-A27C-6C7516A6B3EC}.Release|Any CPU.ActiveCfg = Release|Any CPU
		{95B61A76-3BBF-4185-A27C-6C7516A6B3EC}.Release|Any CPU.Build.0 = Release|Any CPU
		{95B61A76-3BBF-4185-A27C-6C7516A6B3EC}.Release|x64.ActiveCfg = Release|Any CPU
		{95B61A76-3BBF-4185-A27C-6C7516A6B3EC}.Release|x64.Build.0 = Release|Any CPU
		{95B61A76-3BBF-4185-A27C-6C7516A6B3EC}.Release|x86.ActiveCfg = Release|Any CPU
		{95B61A76-3BBF-4185-A27C-6C7516A6B3EC}.Release|x86.Build.0 = Release|Any CPU
		{96432EC1-DDDF-4E87-B095-218693939A5F}.Debug|Any CPU.ActiveCfg = Debug|Any CPU
		{96432EC1-DDDF-4E87-B095-218693939A5F}.Debug|Any CPU.Build.0 = Debug|Any CPU
		{96432EC1-DDDF-4E87-B095-218693939A5F}.Debug|x64.ActiveCfg = Debug|Any CPU
		{96432EC1-DDDF-4E87-B095-218693939A5F}.Debug|x64.Build.0 = Debug|Any CPU
		{96432EC1-DDDF-4E87-B095-218693939A5F}.Debug|x86.ActiveCfg = Debug|Any CPU
		{96432EC1-DDDF-4E87-B095-218693939A5F}.Debug|x86.Build.0 = Debug|Any CPU
		{96432EC1-DDDF-4E87-B095-218693939A5F}.Release|Any CPU.ActiveCfg = Release|Any CPU
		{96432EC1-DDDF-4E87-B095-218693939A5F}.Release|Any CPU.Build.0 = Release|Any CPU
		{96432EC1-DDDF-4E87-B095-218693939A5F}.Release|x64.ActiveCfg = Release|Any CPU
		{96432EC1-DDDF-4E87-B095-218693939A5F}.Release|x64.Build.0 = Release|Any CPU
		{96432EC1-DDDF-4E87-B095-218693939A5F}.Release|x86.ActiveCfg = Release|Any CPU
		{96432EC1-DDDF-4E87-B095-218693939A5F}.Release|x86.Build.0 = Release|Any CPU
		{44C38502-0812-4E87-BD79-9515EBA9A769}.Debug|Any CPU.ActiveCfg = Debug|Any CPU
		{44C38502-0812-4E87-BD79-9515EBA9A769}.Debug|Any CPU.Build.0 = Debug|Any CPU
		{44C38502-0812-4E87-BD79-9515EBA9A769}.Debug|x64.ActiveCfg = Debug|Any CPU
		{44C38502-0812-4E87-BD79-9515EBA9A769}.Debug|x64.Build.0 = Debug|Any CPU
		{44C38502-0812-4E87-BD79-9515EBA9A769}.Debug|x86.ActiveCfg = Debug|Any CPU
		{44C38502-0812-4E87-BD79-9515EBA9A769}.Debug|x86.Build.0 = Debug|Any CPU
		{44C38502-0812-4E87-BD79-9515EBA9A769}.Release|Any CPU.ActiveCfg = Release|Any CPU
		{44C38502-0812-4E87-BD79-9515EBA9A769}.Release|Any CPU.Build.0 = Release|Any CPU
		{44C38502-0812-4E87-BD79-9515EBA9A769}.Release|x64.ActiveCfg = Release|Any CPU
		{44C38502-0812-4E87-BD79-9515EBA9A769}.Release|x64.Build.0 = Release|Any CPU
		{44C38502-0812-4E87-BD79-9515EBA9A769}.Release|x86.ActiveCfg = Release|Any CPU
		{44C38502-0812-4E87-BD79-9515EBA9A769}.Release|x86.Build.0 = Release|Any CPU
		{9AE027D4-8D8E-4A08-B60B-06A52733EDB6}.Debug|Any CPU.ActiveCfg = Debug|Any CPU
		{9AE027D4-8D8E-4A08-B60B-06A52733EDB6}.Debug|Any CPU.Build.0 = Debug|Any CPU
		{9AE027D4-8D8E-4A08-B60B-06A52733EDB6}.Debug|x64.ActiveCfg = Debug|Any CPU
		{9AE027D4-8D8E-4A08-B60B-06A52733EDB6}.Debug|x64.Build.0 = Debug|Any CPU
		{9AE027D4-8D8E-4A08-B60B-06A52733EDB6}.Debug|x86.ActiveCfg = Debug|Any CPU
		{9AE027D4-8D8E-4A08-B60B-06A52733EDB6}.Debug|x86.Build.0 = Debug|Any CPU
		{9AE027D4-8D8E-4A08-B60B-06A52733EDB6}.Release|Any CPU.ActiveCfg = Release|Any CPU
		{9AE027D4-8D8E-4A08-B60B-06A52733EDB6}.Release|Any CPU.Build.0 = Release|Any CPU
		{9AE027D4-8D8E-4A08-B60B-06A52733EDB6}.Release|x64.ActiveCfg = Release|Any CPU
		{9AE027D4-8D8E-4A08-B60B-06A52733EDB6}.Release|x64.Build.0 = Release|Any CPU
		{9AE027D4-8D8E-4A08-B60B-06A52733EDB6}.Release|x86.ActiveCfg = Release|Any CPU
		{9AE027D4-8D8E-4A08-B60B-06A52733EDB6}.Release|x86.Build.0 = Release|Any CPU
		{21B4D7EF-307F-4F88-AD4B-2D3C26045BAE}.Debug|Any CPU.ActiveCfg = Debug|Any CPU
		{21B4D7EF-307F-4F88-AD4B-2D3C26045BAE}.Debug|Any CPU.Build.0 = Debug|Any CPU
		{21B4D7EF-307F-4F88-AD4B-2D3C26045BAE}.Debug|x64.ActiveCfg = Debug|Any CPU
		{21B4D7EF-307F-4F88-AD4B-2D3C26045BAE}.Debug|x64.Build.0 = Debug|Any CPU
		{21B4D7EF-307F-4F88-AD4B-2D3C26045BAE}.Debug|x86.ActiveCfg = Debug|Any CPU
		{21B4D7EF-307F-4F88-AD4B-2D3C26045BAE}.Debug|x86.Build.0 = Debug|Any CPU
		{21B4D7EF-307F-4F88-AD4B-2D3C26045BAE}.Release|Any CPU.ActiveCfg = Release|Any CPU
		{21B4D7EF-307F-4F88-AD4B-2D3C26045BAE}.Release|Any CPU.Build.0 = Release|Any CPU
		{21B4D7EF-307F-4F88-AD4B-2D3C26045BAE}.Release|x64.ActiveCfg = Release|Any CPU
		{21B4D7EF-307F-4F88-AD4B-2D3C26045BAE}.Release|x64.Build.0 = Release|Any CPU
		{21B4D7EF-307F-4F88-AD4B-2D3C26045BAE}.Release|x86.ActiveCfg = Release|Any CPU
		{21B4D7EF-307F-4F88-AD4B-2D3C26045BAE}.Release|x86.Build.0 = Release|Any CPU
		{F9630B2C-8525-42DD-9B9C-4E3E03018F89}.Debug|Any CPU.ActiveCfg = Debug|Any CPU
		{F9630B2C-8525-42DD-9B9C-4E3E03018F89}.Debug|Any CPU.Build.0 = Debug|Any CPU
		{F9630B2C-8525-42DD-9B9C-4E3E03018F89}.Debug|x64.ActiveCfg = Debug|Any CPU
		{F9630B2C-8525-42DD-9B9C-4E3E03018F89}.Debug|x64.Build.0 = Debug|Any CPU
		{F9630B2C-8525-42DD-9B9C-4E3E03018F89}.Debug|x86.ActiveCfg = Debug|Any CPU
		{F9630B2C-8525-42DD-9B9C-4E3E03018F89}.Debug|x86.Build.0 = Debug|Any CPU
		{F9630B2C-8525-42DD-9B9C-4E3E03018F89}.Release|Any CPU.ActiveCfg = Release|Any CPU
		{F9630B2C-8525-42DD-9B9C-4E3E03018F89}.Release|Any CPU.Build.0 = Release|Any CPU
		{F9630B2C-8525-42DD-9B9C-4E3E03018F89}.Release|x64.ActiveCfg = Release|Any CPU
		{F9630B2C-8525-42DD-9B9C-4E3E03018F89}.Release|x64.Build.0 = Release|Any CPU
		{F9630B2C-8525-42DD-9B9C-4E3E03018F89}.Release|x86.ActiveCfg = Release|Any CPU
		{F9630B2C-8525-42DD-9B9C-4E3E03018F89}.Release|x86.Build.0 = Release|Any CPU
		{CC620719-BD39-4FFB-AC50-162DE66DF9E1}.Debug|Any CPU.ActiveCfg = Debug|Any CPU
		{CC620719-BD39-4FFB-AC50-162DE66DF9E1}.Debug|Any CPU.Build.0 = Debug|Any CPU
		{CC620719-BD39-4FFB-AC50-162DE66DF9E1}.Debug|x64.ActiveCfg = Debug|Any CPU
		{CC620719-BD39-4FFB-AC50-162DE66DF9E1}.Debug|x64.Build.0 = Debug|Any CPU
		{CC620719-BD39-4FFB-AC50-162DE66DF9E1}.Debug|x86.ActiveCfg = Debug|Any CPU
		{CC620719-BD39-4FFB-AC50-162DE66DF9E1}.Debug|x86.Build.0 = Debug|Any CPU
		{CC620719-BD39-4FFB-AC50-162DE66DF9E1}.Release|Any CPU.ActiveCfg = Release|Any CPU
		{CC620719-BD39-4FFB-AC50-162DE66DF9E1}.Release|Any CPU.Build.0 = Release|Any CPU
		{CC620719-BD39-4FFB-AC50-162DE66DF9E1}.Release|x64.ActiveCfg = Release|Any CPU
		{CC620719-BD39-4FFB-AC50-162DE66DF9E1}.Release|x64.Build.0 = Release|Any CPU
		{CC620719-BD39-4FFB-AC50-162DE66DF9E1}.Release|x86.ActiveCfg = Release|Any CPU
		{CC620719-BD39-4FFB-AC50-162DE66DF9E1}.Release|x86.Build.0 = Release|Any CPU
		{0771754F-3BB0-461E-97C8-2840ECE048B3}.Debug|Any CPU.ActiveCfg = Debug|Any CPU
		{0771754F-3BB0-461E-97C8-2840ECE048B3}.Debug|Any CPU.Build.0 = Debug|Any CPU
		{0771754F-3BB0-461E-97C8-2840ECE048B3}.Debug|x64.ActiveCfg = Debug|Any CPU
		{0771754F-3BB0-461E-97C8-2840ECE048B3}.Debug|x64.Build.0 = Debug|Any CPU
		{0771754F-3BB0-461E-97C8-2840ECE048B3}.Debug|x86.ActiveCfg = Debug|Any CPU
		{0771754F-3BB0-461E-97C8-2840ECE048B3}.Debug|x86.Build.0 = Debug|Any CPU
		{0771754F-3BB0-461E-97C8-2840ECE048B3}.Release|Any CPU.ActiveCfg = Release|Any CPU
		{0771754F-3BB0-461E-97C8-2840ECE048B3}.Release|Any CPU.Build.0 = Release|Any CPU
		{0771754F-3BB0-461E-97C8-2840ECE048B3}.Release|x64.ActiveCfg = Release|Any CPU
		{0771754F-3BB0-461E-97C8-2840ECE048B3}.Release|x64.Build.0 = Release|Any CPU
		{0771754F-3BB0-461E-97C8-2840ECE048B3}.Release|x86.ActiveCfg = Release|Any CPU
		{0771754F-3BB0-461E-97C8-2840ECE048B3}.Release|x86.Build.0 = Release|Any CPU
		{C15D8060-F2E1-4A82-99BB-F6273A942FE9}.Debug|Any CPU.ActiveCfg = Debug|Any CPU
		{C15D8060-F2E1-4A82-99BB-F6273A942FE9}.Debug|Any CPU.Build.0 = Debug|Any CPU
		{C15D8060-F2E1-4A82-99BB-F6273A942FE9}.Debug|x64.ActiveCfg = Debug|Any CPU
		{C15D8060-F2E1-4A82-99BB-F6273A942FE9}.Debug|x64.Build.0 = Debug|Any CPU
		{C15D8060-F2E1-4A82-99BB-F6273A942FE9}.Debug|x86.ActiveCfg = Debug|Any CPU
		{C15D8060-F2E1-4A82-99BB-F6273A942FE9}.Debug|x86.Build.0 = Debug|Any CPU
		{C15D8060-F2E1-4A82-99BB-F6273A942FE9}.Release|Any CPU.ActiveCfg = Release|Any CPU
		{C15D8060-F2E1-4A82-99BB-F6273A942FE9}.Release|Any CPU.Build.0 = Release|Any CPU
		{C15D8060-F2E1-4A82-99BB-F6273A942FE9}.Release|x64.ActiveCfg = Release|Any CPU
		{C15D8060-F2E1-4A82-99BB-F6273A942FE9}.Release|x64.Build.0 = Release|Any CPU
		{C15D8060-F2E1-4A82-99BB-F6273A942FE9}.Release|x86.ActiveCfg = Release|Any CPU
		{C15D8060-F2E1-4A82-99BB-F6273A942FE9}.Release|x86.Build.0 = Release|Any CPU
	EndGlobalSection
	GlobalSection(NestedProjects) = preSolution
		{CCC536F1-8D1A-4D16-B45E-D342AB49F26D} = {0D561DA2-AEDB-42AD-B7C5-451902569358}
		{F304A730-4BED-4CDD-AF65-47142D64A7D0} = {0D561DA2-AEDB-42AD-B7C5-451902569358}
		{D7FED4E3-DA53-45B3-9BC9-1FDADB7C3A0B} = {0D561DA2-AEDB-42AD-B7C5-451902569358}
		{93FA7C0E-2344-4BA7-8C4D-3F4CA509DA0D} = {0D561DA2-AEDB-42AD-B7C5-451902569358}
		{895A58AF-8533-4A84-ABE8-487168AC9CFE} = {3389423A-ACDC-4BFA-A0F3-46FC94E35290}
		{F539B0F0-B2AF-4FCC-8F99-6DB44E43C41A} = {3389423A-ACDC-4BFA-A0F3-46FC94E35290}
		{9C45B8B4-4B29-499D-855D-EB46C8A11FD1} = {3389423A-ACDC-4BFA-A0F3-46FC94E35290}
		{95B61A76-3BBF-4185-A27C-6C7516A6B3EC} = {3389423A-ACDC-4BFA-A0F3-46FC94E35290}
		{44C38502-0812-4E87-BD79-9515EBA9A769} = {1E47EAB7-71E3-47BF-81DF-D8A2B510F8BD}
		{9AE027D4-8D8E-4A08-B60B-06A52733EDB6} = {1E47EAB7-71E3-47BF-81DF-D8A2B510F8BD}
		{21B4D7EF-307F-4F88-AD4B-2D3C26045BAE} = {1E47EAB7-71E3-47BF-81DF-D8A2B510F8BD}
		{F9630B2C-8525-42DD-9B9C-4E3E03018F89} = {10A72E25-54B8-4367-B57A-44DA77A8B32D}
		{CC620719-BD39-4FFB-AC50-162DE66DF9E1} = {10A72E25-54B8-4367-B57A-44DA77A8B32D}
		{0771754F-3BB0-461E-97C8-2840ECE048B3} = {10A72E25-54B8-4367-B57A-44DA77A8B32D}
		{C15D8060-F2E1-4A82-99BB-F6273A942FE9} = {10A72E25-54B8-4367-B57A-44DA77A8B32D}
	EndGlobalSection
EndGlobal
